// !$*UTF8*$!
{
	archiveVersion = 1;
	classes = {
	};
	objectVersion = 50;
	objects = {

/* Begin PBXBuildFile section */
		90AD7A9D25CBF35C00E9CADC /* AppDelegate.swift in Sources */ = {isa = PBXBuildFile; fileRef = 90AD7A9C25CBF35C00E9CADC /* AppDelegate.swift */; };
		90AD7A9F25CBF35C00E9CADC /* SceneDelegate.swift in Sources */ = {isa = PBXBuildFile; fileRef = 90AD7A9E25CBF35C00E9CADC /* SceneDelegate.swift */; };
		90AD7AA425CBF35D00E9CADC /* Main.storyboard in Resources */ = {isa = PBXBuildFile; fileRef = 90AD7AA225CBF35D00E9CADC /* Main.storyboard */; };
		90AD7AA925CBF35E00E9CADC /* LaunchScreen.storyboard in Resources */ = {isa = PBXBuildFile; fileRef = 90AD7AA725CBF35E00E9CADC /* LaunchScreen.storyboard */; };
		90AD7AB925CBF48200E9CADC /* DataManager.swift in Sources */ = {isa = PBXBuildFile; fileRef = 90AD7AB825CBF48200E9CADC /* DataManager.swift */; };
		90AD7ABC25CBF49900E9CADC /* Movie.swift in Sources */ = {isa = PBXBuildFile; fileRef = 90AD7ABB25CBF49900E9CADC /* Movie.swift */; };
		90AD7AC725CBFA8800E9CADC /* MovieListTableViewController.swift in Sources */ = {isa = PBXBuildFile; fileRef = 90AD7AC625CBFA8800E9CADC /* MovieListTableViewController.swift */; };
		90AD7ACB25CBFAD100E9CADC /* DetailViewController.swift in Sources */ = {isa = PBXBuildFile; fileRef = 90AD7ACA25CBFAD100E9CADC /* DetailViewController.swift */; };
		90AD7ACE25CC09C800E9CADC /* Assets.xcassets in Resources */ = {isa = PBXBuildFile; fileRef = 90AD7AA525CBF35E00E9CADC /* Assets.xcassets */; };
/* End PBXBuildFile section */

/* Begin PBXFileReference section */
		90AD7A9925CBF35C00E9CADC /* movieList.app */ = {isa = PBXFileReference; explicitFileType = wrapper.application; includeInIndex = 0; path = movieList.app; sourceTree = BUILT_PRODUCTS_DIR; };
		90AD7A9C25CBF35C00E9CADC /* AppDelegate.swift */ = {isa = PBXFileReference; lastKnownFileType = sourcecode.swift; path = AppDelegate.swift; sourceTree = "<group>"; };
		90AD7A9E25CBF35C00E9CADC /* SceneDelegate.swift */ = {isa = PBXFileReference; lastKnownFileType = sourcecode.swift; path = SceneDelegate.swift; sourceTree = "<group>"; };
		90AD7AA325CBF35D00E9CADC /* Base */ = {isa = PBXFileReference; lastKnownFileType = file.storyboard; name = Base; path = Base.lproj/Main.storyboard; sourceTree = "<group>"; };
		90AD7AA525CBF35E00E9CADC /* Assets.xcassets */ = {isa = PBXFileReference; lastKnownFileType = folder.assetcatalog; path = Assets.xcassets; sourceTree = "<group>"; };
		90AD7AA825CBF35E00E9CADC /* Base */ = {isa = PBXFileReference; lastKnownFileType = file.storyboard; name = Base; path = Base.lproj/LaunchScreen.storyboard; sourceTree = "<group>"; };
		90AD7AAA25CBF35E00E9CADC /* Info.plist */ = {isa = PBXFileReference; lastKnownFileType = text.plist.xml; path = Info.plist; sourceTree = "<group>"; };
		90AD7AB825CBF48200E9CADC /* DataManager.swift */ = {isa = PBXFileReference; lastKnownFileType = sourcecode.swift; path = DataManager.swift; sourceTree = "<group>"; };
		90AD7ABB25CBF49900E9CADC /* Movie.swift */ = {isa = PBXFileReference; lastKnownFileType = sourcecode.swift; path = Movie.swift; sourceTree = "<group>"; };
		90AD7AC625CBFA8800E9CADC /* MovieListTableViewController.swift */ = {isa = PBXFileReference; lastKnownFileType = sourcecode.swift; path = MovieListTableViewController.swift; sourceTree = "<group>"; };
		90AD7ACA25CBFAD100E9CADC /* DetailViewController.swift */ = {isa = PBXFileReference; lastKnownFileType = sourcecode.swift; path = DetailViewController.swift; sourceTree = "<group>"; };
/* End PBXFileReference section */

/* Begin PBXFrameworksBuildPhase section */
		90AD7A9625CBF35C00E9CADC /* Frameworks */ = {
			isa = PBXFrameworksBuildPhase;
			buildActionMask = 2147483647;
			files = (
			);
			runOnlyForDeploymentPostprocessing = 0;
		};
/* End PBXFrameworksBuildPhase section */

/* Begin PBXGroup section */
		90AD7A9025CBF35C00E9CADC = {
			isa = PBXGroup;
			children = (
				90AD7A9B25CBF35C00E9CADC /* movieList */,
				90AD7A9A25CBF35C00E9CADC /* Products */,
			);
			sourceTree = "<group>";
		};
		90AD7A9A25CBF35C00E9CADC /* Products */ = {
			isa = PBXGroup;
			children = (
				90AD7A9925CBF35C00E9CADC /* movieList.app */,
			);
			name = Products;
			sourceTree = "<group>";
		};
		90AD7A9B25CBF35C00E9CADC /* movieList */ = {
			isa = PBXGroup;
			children = (
				90AD7AB125CBF3A300E9CADC /* Deligate */,
				90AD7AB525CBF3C700E9CADC /* ModelManager */,
				90AD7AB425CBF3C000E9CADC /* Model */,
				90AD7AB325CBF3B900E9CADC /* View */,
				90AD7AB225CBF3B600E9CADC /* Controllers */,
				90AD7AA525CBF35E00E9CADC /* Assets.xcassets */,
				90AD7AAA25CBF35E00E9CADC /* Info.plist */,
			);
			path = movieList;
			sourceTree = "<group>";
		};
		90AD7AB125CBF3A300E9CADC /* Deligate */ = {
			isa = PBXGroup;
			children = (
				90AD7A9C25CBF35C00E9CADC /* AppDelegate.swift */,
				90AD7A9E25CBF35C00E9CADC /* SceneDelegate.swift */,
			);
			path = Deligate;
			sourceTree = "<group>";
		};
		90AD7AB225CBF3B600E9CADC /* Controllers */ = {
			isa = PBXGroup;
			children = (
				90AD7AC625CBFA8800E9CADC /* MovieListTableViewController.swift */,
				90AD7ACA25CBFAD100E9CADC /* DetailViewController.swift */,
			);
			path = Controllers;
			sourceTree = "<group>";
		};
		90AD7AB325CBF3B900E9CADC /* View */ = {
			isa = PBXGroup;
			children = (
				90AD7AA225CBF35D00E9CADC /* Main.storyboard */,
				90AD7AA725CBF35E00E9CADC /* LaunchScreen.storyboard */,
			);
			path = View;
			sourceTree = "<group>";
		};
		90AD7AB425CBF3C000E9CADC /* Model */ = {
			isa = PBXGroup;
			children = (
				90AD7ABB25CBF49900E9CADC /* Movie.swift */,
			);
			path = Model;
			sourceTree = "<group>";
		};
		90AD7AB525CBF3C700E9CADC /* ModelManager */ = {
			isa = PBXGroup;
			children = (
				90AD7AB825CBF48200E9CADC /* DataManager.swift */,
			);
			path = ModelManager;
			sourceTree = "<group>";
		};
/* End PBXGroup section */

/* Begin PBXNativeTarget section */
		90AD7A9825CBF35C00E9CADC /* movieList */ = {
			isa = PBXNativeTarget;
			buildConfigurationList = 90AD7AAD25CBF35E00E9CADC /* Build configuration list for PBXNativeTarget "movieList" */;
			buildPhases = (
				90AD7A9525CBF35C00E9CADC /* Sources */,
				90AD7A9625CBF35C00E9CADC /* Frameworks */,
				90AD7A9725CBF35C00E9CADC /* Resources */,
			);
			buildRules = (
			);
			dependencies = (
			);
			name = movieList;
			productName = movieList;
			productReference = 90AD7A9925CBF35C00E9CADC /* movieList.app */;
			productType = "com.apple.product-type.application";
		};
/* End PBXNativeTarget section */

/* Begin PBXProject section */
		90AD7A9125CBF35C00E9CADC /* Project object */ = {
			isa = PBXProject;
			attributes = {
				LastSwiftUpdateCheck = 1230;
				LastUpgradeCheck = 1230;
				TargetAttributes = {
					90AD7A9825CBF35C00E9CADC = {
						CreatedOnToolsVersion = 12.3;
					};
				};
			};
			buildConfigurationList = 90AD7A9425CBF35C00E9CADC /* Build configuration list for PBXProject "movieList" */;
			compatibilityVersion = "Xcode 9.3";
			developmentRegion = en;
			hasScannedForEncodings = 0;
			knownRegions = (
				en,
				Base,
			);
			mainGroup = 90AD7A9025CBF35C00E9CADC;
			productRefGroup = 90AD7A9A25CBF35C00E9CADC /* Products */;
			projectDirPath = "";
			projectRoot = "";
			targets = (
				90AD7A9825CBF35C00E9CADC /* movieList */,
			);
		};
/* End PBXProject section */

/* Begin PBXResourcesBuildPhase section */
		90AD7A9725CBF35C00E9CADC /* Resources */ = {
			isa = PBXResourcesBuildPhase;
			buildActionMask = 2147483647;
			files = (
				90AD7AA925CBF35E00E9CADC /* LaunchScreen.storyboard in Resources */,
				90AD7ACE25CC09C800E9CADC /* Assets.xcassets in Resources */,
				90AD7AA425CBF35D00E9CADC /* Main.storyboard in Resources */,
			);
			runOnlyForDeploymentPostprocessing = 0;
		};
/* End PBXResourcesBuildPhase section */

/* Begin PBXSourcesBuildPhase section */
		90AD7A9525CBF35C00E9CADC /* Sources */ = {
			isa = PBXSourcesBuildPhase;
			buildActionMask = 2147483647;
			files = (
				90AD7AC725CBFA8800E9CADC /* MovieListTableViewController.swift in Sources */,
				90AD7A9D25CBF35C00E9CADC /* AppDelegate.swift in Sources */,
				90AD7AB925CBF48200E9CADC /* DataManager.swift in Sources */,
				90AD7ACB25CBFAD100E9CADC /* DetailViewController.swift in Sources */,
				90AD7ABC25CBF49900E9CADC /* Movie.swift in Sources */,
				90AD7A9F25CBF35C00E9CADC /* SceneDelegate.swift in Sources */,
			);
			runOnlyForDeploymentPostprocessing = 0;
		};
/* End PBXSourcesBuildPhase section */

/* Begin PBXVariantGroup section */
		90AD7AA225CBF35D00E9CADC /* Main.storyboard */ = {
			isa = PBXVariantGroup;
			children = (
				90AD7AA325CBF35D00E9CADC /* Base */,
			);
			name = Main.storyboard;
			sourceTree = "<group>";
		};
		90AD7AA725CBF35E00E9CADC /* LaunchScreen.storyboard */ = {
			isa = PBXVariantGroup;
			children = (
				90AD7AA825CBF35E00E9CADC /* Base */,
			);
			name = LaunchScreen.storyboard;
			sourceTree = "<group>";
		};
/* End PBXVariantGroup section */

/* Begin XCBuildConfiguration section */
		90AD7AAB25CBF35E00E9CADC /* Debug */ = {
			isa = XCBuildConfiguration;
			buildSettings = {
				ALWAYS_SEARCH_USER_PATHS = NO;
				CLANG_ANALYZER_NONNULL = YES;
				CLANG_ANALYZER_NUMBER_OBJECT_CONVERSION = YES_AGGRESSIVE;
				CLANG_CXX_LANGUAGE_STANDARD = "gnu++14";
				CLANG_CXX_LIBRARY = "libc++";
				CLANG_ENABLE_MODULES = YES;
				CLANG_ENABLE_OBJC_ARC = YES;
				CLANG_ENABLE_OBJC_WEAK = YES;
				CLANG_WARN_BLOCK_CAPTURE_AUTORELEASING = YES;
				CLANG_WARN_BOOL_CONVERSION = YES;
				CLANG_WARN_COMMA = YES;
				CLANG_WARN_CONSTANT_CONVERSION = YES;
				CLANG_WARN_DEPRECATED_OBJC_IMPLEMENTATIONS = YES;
				CLANG_WARN_DIRECT_OBJC_ISA_USAGE = YES_ERROR;
				CLANG_WARN_DOCUMENTATION_COMMENTS = YES;
				CLANG_WARN_EMPTY_BODY = YES;
				CLANG_WARN_ENUM_CONVERSION = YES;
				CLANG_WARN_INFINITE_RECURSION = YES;
				CLANG_WARN_INT_CONVERSION = YES;
				CLANG_WARN_NON_LITERAL_NULL_CONVERSION = YES;
				CLANG_WARN_OBJC_IMPLICIT_RETAIN_SELF = YES;
				CLANG_WARN_OBJC_LITERAL_CONVERSION = YES;
				CLANG_WARN_OBJC_ROOT_CLASS = YES_ERROR;
				CLANG_WARN_QUOTED_INCLUDE_IN_FRAMEWORK_HEADER = YES;
				CLANG_WARN_RANGE_LOOP_ANALYSIS = YES;
				CLANG_WARN_STRICT_PROTOTYPES = YES;
				CLANG_WARN_SUSPICIOUS_MOVE = YES;
				CLANG_WARN_UNGUARDED_AVAILABILITY = YES_AGGRESSIVE;
				CLANG_WARN_UNREACHABLE_CODE = YES;
				CLANG_WARN__DUPLICATE_METHOD_MATCH = YES;
				COPY_PHASE_STRIP = NO;
				DEBUG_INFORMATION_FORMAT = dwarf;
				ENABLE_STRICT_OBJC_MSGSEND = YES;
				ENABLE_TESTABILITY = YES;
				GCC_C_LANGUAGE_STANDARD = gnu11;
				GCC_DYNAMIC_NO_PIC = NO;
				GCC_NO_COMMON_BLOCKS = YES;
				GCC_OPTIMIZATION_LEVEL = 0;
				GCC_PREPROCESSOR_DEFINITIONS = (
					"DEBUG=1",
					"$(inherited)",
				);
				GCC_WARN_64_TO_32_BIT_CONVERSION = YES;
				GCC_WARN_ABOUT_RETURN_TYPE = YES_ERROR;
				GCC_WARN_UNDECLARED_SELECTOR = YES;
				GCC_WARN_UNINITIALIZED_AUTOS = YES_AGGRESSIVE;
				GCC_WARN_UNUSED_FUNCTION = YES;
				GCC_WARN_UNUSED_VARIABLE = YES;
				IPHONEOS_DEPLOYMENT_TARGET = 14.3;
				MTL_ENABLE_DEBUG_INFO = INCLUDE_SOURCE;
				MTL_FAST_MATH = YES;
				ONLY_ACTIVE_ARCH = YES;
				SDKROOT = iphoneos;
				SWIFT_ACTIVE_COMPILATION_CONDITIONS = DEBUG;
				SWIFT_OPTIMIZATION_LEVEL = "-Onone";
			};
			name = Debug;
		};
		90AD7AAC25CBF35E00E9CADC /* Release */ = {
			isa = XCBuildConfiguration;
			buildSettings = {
				ALWAYS_SEARCH_USER_PATHS = NO;
				CLANG_ANALYZER_NONNULL = YES;
				CLANG_ANALYZER_NUMBER_OBJECT_CONVERSION = YES_AGGRESSIVE;
				CLANG_CXX_LANGUAGE_STANDARD = "gnu++14";
				CLANG_CXX_LIBRARY = "libc++";
				CLANG_ENABLE_MODULES = YES;
				CLANG_ENABLE_OBJC_ARC = YES;
				CLANG_ENABLE_OBJC_WEAK = YES;
				CLANG_WARN_BLOCK_CAPTURE_AUTORELEASING = YES;
				CLANG_WARN_BOOL_CONVERSION = YES;
				CLANG_WARN_COMMA = YES;
				CLANG_WARN_CONSTANT_CONVERSION = YES;
				CLANG_WARN_DEPRECATED_OBJC_IMPLEMENTATIONS = YES;
				CLANG_WARN_DIRECT_OBJC_ISA_USAGE = YES_ERROR;
				CLANG_WARN_DOCUMENTATION_COMMENTS = YES;
				CLANG_WARN_EMPTY_BODY = YES;
				CLANG_WARN_ENUM_CONVERSION = YES;
				CLANG_WARN_INFINITE_RECURSION = YES;
				CLANG_WARN_INT_CONVERSION = YES;
				CLANG_WARN_NON_LITERAL_NULL_CONVERSION = YES;
				CLANG_WARN_OBJC_IMPLICIT_RETAIN_SELF = YES;
				CLANG_WARN_OBJC_LITERAL_CONVERSION = YES;
				CLANG_WARN_OBJC_ROOT_CLASS = YES_ERROR;
				CLANG_WARN_QUOTED_INCLUDE_IN_FRAMEWORK_HEADER = YES;
				CLANG_WARN_RANGE_LOOP_ANALYSIS = YES;
				CLANG_WARN_STRICT_PROTOTYPES = YES;
				CLANG_WARN_SUSPICIOUS_MOVE = YES;
				CLANG_WARN_UNGUARDED_AVAILABILITY = YES_AGGRESSIVE;
				CLANG_WARN_UNREACHABLE_CODE = YES;
				CLANG_WARN__DUPLICATE_METHOD_MATCH = YES;
				COPY_PHASE_STRIP = NO;
				DEBUG_INFORMATION_FORMAT = "dwarf-with-dsym";
				ENABLE_NS_ASSERTIONS = NO;
				ENABLE_STRICT_OBJC_MSGSEND = YES;
				GCC_C_LANGUAGE_STANDARD = gnu11;
				GCC_NO_COMMON_BLOCKS = YES;
				GCC_WARN_64_TO_32_BIT_CONVERSION = YES;
				GCC_WARN_ABOUT_RETURN_TYPE = YES_ERROR;
				GCC_WARN_UNDECLARED_SELECTOR = YES;
				GCC_WARN_UNINITIALIZED_AUTOS = YES_AGGRESSIVE;
				GCC_WARN_UNUSED_FUNCTION = YES;
				GCC_WARN_UNUSED_VARIABLE = YES;
				IPHONEOS_DEPLOYMENT_TARGET = 14.3;
				MTL_ENABLE_DEBUG_INFO = NO;
				MTL_FAST_MATH = YES;
				SDKROOT = iphoneos;
				SWIFT_COMPILATION_MODE = wholemodule;
				SWIFT_OPTIMIZATION_LEVEL = "-O";
				VALIDATE_PRODUCT = YES;
			};
			name = Release;
		};
		90AD7AAE25CBF35E00E9CADC /* Debug */ = {
			isa = XCBuildConfiguration;
			buildSettings = {
				ASSETCATALOG_COMPILER_APPICON_NAME = AppIcon;
				ASSETCATALOG_COMPILER_GLOBAL_ACCENT_COLOR_NAME = AccentColor;
				CODE_SIGN_STYLE = Automatic;
				INFOPLIST_FILE = movieList/Info.plist;
				LD_RUNPATH_SEARCH_PATHS = (
					"$(inherited)",
					"@executable_path/Frameworks",
				);
				PRODUCT_BUNDLE_IDENTIFIER = girts.udris.movieList;
				PRODUCT_NAME = "$(TARGET_NAME)";
				SWIFT_VERSION = 5.0;
				TARGETED_DEVICE_FAMILY = "1,2";
			};
			name = Debug;
		};
		90AD7AAF25CBF35E00E9CADC /* Release */ = {
			isa = XCBuildConfiguration;
			buildSettings = {
				ASSETCATALOG_COMPILER_APPICON_NAME = AppIcon;
				ASSETCATALOG_COMPILER_GLOBAL_ACCENT_COLOR_NAME = AccentColor;
				CODE_SIGN_STYLE = Automatic;
				INFOPLIST_FILE = movieList/Info.plist;
				LD_RUNPATH_SEARCH_PATHS = (
					"$(inherited)",
					"@executable_path/Frameworks",
				);
				PRODUCT_BUNDLE_IDENTIFIER = girts.udris.movieList;
				PRODUCT_NAME = "$(TARGET_NAME)";
				SWIFT_VERSION = 5.0;
				TARGETED_DEVICE_FAMILY = "1,2";
			};
			name = Release;
		};
/* End XCBuildConfiguration section */

/* Begin XCConfigurationList section */
		90AD7A9425CBF35C00E9CADC /* Build configuration list for PBXProject "movieList" */ = {
			isa = XCConfigurationList;
			buildConfigurations = (
				90AD7AAB25CBF35E00E9CADC /* Debug */,
				90AD7AAC25CBF35E00E9CADC /* Release */,
			);
			defaultConfigurationIsVisible = 0;
			defaultConfigurationName = Release;
		};
		90AD7AAD25CBF35E00E9CADC /* Build configuration list for PBXNativeTarget "movieList" */ = {
			isa = XCConfigurationList;
			buildConfigurations = (
				90AD7AAE25CBF35E00E9CADC /* Debug */,
				90AD7AAF25CBF35E00E9CADC /* Release */,
			);
			defaultConfigurationIsVisible = 0;
			defaultConfigurationName = Release;
		};
/* End XCConfigurationList section */
	};
	rootObject = 90AD7A9125CBF35C00E9CADC /* Project object */;
}
